{
  "version": "4",
  "specifiers": {
    "npm:zod@3": "3.24.2",
    "npm:zod@3.24.2": "3.24.2",
    "npm:zod@next": "4.0.0-beta.20250411T005215"
  },
  "npm": {
    "@zod/core@0.3.3": {
      "integrity": "sha512-zXp0/K9zynk8ZP5hdUN2i0xePJ6uULX5rvBC/54bWNF4FL9YHxTjQg/zPFNj+WE8g0QTKX+fty7n073bgp6wNw=="
    },
    "zod@3.24.2": {
      "integrity": "sha512-lY7CDW43ECgW9u1TcT3IoXHflywfVqDYze4waEz812jR/bZ8FHDsl7pFQoSZTz5N+2NqRXs8GBwnAwo3ZNxqhQ=="
    },
    "zod@4.0.0-beta.20250411T005215": {
      "integrity": "sha512-FgvuS7Gb0kzI9Rsd1ihOulGSFT9LVj0JdejbkvjXIski9F/DheDIBV9uZkbAIiS6bOsthAMWHFtSsM1o+hmhig==",
      "dependencies": [
        "@zod/core"
      ]
    }
  }
}
